
Microsoft Visual Studio Solution File, Format Version 12.00
# Visual Studio Version 17
VisualStudioVersion = 17.8.34316.72
MinimumVisualStudioVersion = 10.0.40219.1
Project("{FAE04EC0-301F-11D3-BF4B-00C04F79EFBC}") = "Arrays-7---3-keer-5-getallen", "Arrays-7---3-keer-5-getallen\Arrays-7---3-keer-5-getallen.csproj", "{A33E05FF-9A16-4B2F-8058-641282B5619C}"
EndProject
Global
	GlobalSection(SolutionConfigurationPlatforms) = preSolution
		Debug|Any CPU = Debug|Any CPU
		Release|Any CPU = Release|Any CPU
	EndGlobalSection
	GlobalSection(ProjectConfigurationPlatforms) = postSolution
		{A33E05FF-9A16-4B2F-8058-641282B5619C}.Debug|Any CPU.ActiveCfg = Debug|Any CPU
		{A33E05FF-9A16-4B2F-8058-641282B5619C}.Debug|Any CPU.Build.0 = Debug|Any CPU
		{A33E05FF-9A16-4B2F-8058-641282B5619C}.Release|Any CPU.ActiveCfg = Release|Any CPU
		{A33E05FF-9A16-4B2F-8058-641282B5619C}.Release|Any CPU.Build.0 = Release|Any CPU
	EndGlobalSection
	GlobalSection(SolutionProperties) = preSolution
		HideSolutionNode = FALSE
	EndGlobalSection
	GlobalSection(ExtensibilityGlobals) = postSolution
		SolutionGuid = {BE6482CA-15C1-4F50-82BF-44EAB3431011}
	EndGlobalSection
EndGlobal
